// !$*UTF8*$!
{
	archiveVersion = 1;
	classes = {
	};
	objectVersion = 46;
	objects = {

/* Begin PBXBuildFile section */
		4B41A4001B0658EC002BC586 /* main.m in Sources */ = {isa = PBXBuildFile; fileRef = 4B41A3FF1B0658EC002BC586 /* main.m */; };
		4B41A4031B0658EC002BC586 /* AppDelegate.m in Sources */ = {isa = PBXBuildFile; fileRef = 4B41A4021B0658EC002BC586 /* AppDelegate.m */; };
		4B41A4061B0658EC002BC586 /* ViewController.m in Sources */ = {isa = PBXBuildFile; fileRef = 4B41A4051B0658EC002BC586 /* ViewController.m */; };
		4B41A4091B0658EC002BC586 /* Main.storyboard in Resources */ = {isa = PBXBuildFile; fileRef = 4B41A4071B0658EC002BC586 /* Main.storyboard */; };
		4B41A40B1B0658EC002BC586 /* Images.xcassets in Resources */ = {isa = PBXBuildFile; fileRef = 4B41A40A1B0658EC002BC586 /* Images.xcassets */; };
		4B41A40E1B0658EC002BC586 /* LaunchScreen.xib in Resources */ = {isa = PBXBuildFile; fileRef = 4B41A40C1B0658EC002BC586 /* LaunchScreen.xib */; };
		4B41A41A1B0658EC002BC586 /* tiltTests.m in Sources */ = {isa = PBXBuildFile; fileRef = 4B41A4191B0658EC002BC586 /* tiltTests.m */; };
/* End PBXBuildFile section */

/* Begin PBXContainerItemProxy section */
		4B41A4141B0658EC002BC586 /* PBXContainerItemProxy */ = {
			isa = PBXContainerItemProxy;
			containerPortal = 4B41A3F21B0658EC002BC586 /* Project object */;
			proxyType = 1;
			remoteGlobalIDString = 4B41A3F91B0658EC002BC586;
			remoteInfo = tilt;
		};
/* End PBXContainerItemProxy section */

/* Begin PBXFileReference section */
		4B41A3FA1B0658EC002BC586 /* tilt.app */ = {isa = PBXFileReference; explicitFileType = wrapper.application; includeInIndex = 0; path = tilt.app; sourceTree = BUILT_PRODUCTS_DIR; };
		4B41A3FE1B0658EC002BC586 /* Info.plist */ = {isa = PBXFileReference; lastKnownFileType = text.plist.xml; path = Info.plist; sourceTree = "<group>"; };
		4B41A3FF1B0658EC002BC586 /* main.m */ = {isa = PBXFileReference; lastKnownFileType = sourcecode.c.objc; path = main.m; sourceTree = "<group>"; };
		4B41A4011B0658EC002BC586 /* AppDelegate.h */ = {isa = PBXFileReference; lastKnownFileType = sourcecode.c.h; path = AppDelegate.h; sourceTree = "<group>"; };
		4B41A4021B0658EC002BC586 /* AppDelegate.m */ = {isa = PBXFileReference; lastKnownFileType = sourcecode.c.objc; path = AppDelegate.m; sourceTree = "<group>"; };
		4B41A4041B0658EC002BC586 /* ViewController.h */ = {isa = PBXFileReference; lastKnownFileType = sourcecode.c.h; path = ViewController.h; sourceTree = "<group>"; };
		4B41A4051B0658EC002BC586 /* ViewController.m */ = {isa = PBXFileReference; lastKnownFileType = sourcecode.c.objc; path = ViewController.m; sourceTree = "<group>"; };
		4B41A4081B0658EC002BC586 /* Base */ = {isa = PBXFileReference; lastKnownFileType = file.storyboard; name = Base; path = Base.lproj/Main.storyboard; sourceTree = "<group>"; };
		4B41A40A1B0658EC002BC586 /* Images.xcassets */ = {isa = PBXFileReference; lastKnownFileType = folder.assetcatalog; path = Images.xcassets; sourceTree = "<group>"; };
		4B41A40D1B0658EC002BC586 /* Base */ = {isa = PBXFileReference; lastKnownFileType = file.xib; name = Base; path = Base.lproj/LaunchScreen.xib; sourceTree = "<group>"; };
		4B41A4131B0658EC002BC586 /* tiltTests.xctest */ = {isa = PBXFileReference; explicitFileType = wrapper.cfbundle; includeInIndex = 0; path = tiltTests.xctest; sourceTree = BUILT_PRODUCTS_DIR; };
		4B41A4181B0658EC002BC586 /* Info.plist */ = {isa = PBXFileReference; lastKnownFileType = text.plist.xml; path = Info.plist; sourceTree = "<group>"; };
		4B41A4191B0658EC002BC586 /* tiltTests.m */ = {isa = PBXFileReference; lastKnownFileType = sourcecode.c.objc; path = tiltTests.m; sourceTree = "<group>"; };
/* End PBXFileReference section */

/* Begin PBXFrameworksBuildPhase section */
		4B41A3F71B0658EC002BC586 /* Frameworks */ = {
			isa = PBXFrameworksBuildPhase;
			buildActionMask = 2147483647;
			files = (
			);
			runOnlyForDeploymentPostprocessing = 0;
		};
		4B41A4101B0658EC002BC586 /* Frameworks */ = {
			isa = PBXFrameworksBuildPhase;
			buildActionMask = 2147483647;
			files = (
			);
			runOnlyForDeploymentPostprocessing = 0;
		};
/* End PBXFrameworksBuildPhase section */

/* Begin PBXGroup section */
		4B41A3F11B0658EC002BC586 = {
			isa = PBXGroup;
			children = (
				4B41A3FC1B0658EC002BC586 /* tilt */,
				4B41A4161B0658EC002BC586 /* tiltTests */,
				4B41A3FB1B0658EC002BC586 /* Products */,
			);
			sourceTree = "<group>";
		};
		4B41A3FB1B0658EC002BC586 /* Products */ = {
			isa = PBXGroup;
			children = (
				4B41A3FA1B0658EC002BC586 /* tilt.app */,
				4B41A4131B0658EC002BC586 /* tiltTests.xctest */,
			);
			name = Products;
			sourceTree = "<group>";
		};
		4B41A3FC1B0658EC002BC586 /* tilt */ = {
			isa = PBXGroup;
			children = (
				4B41A4011B0658EC002BC586 /* AppDelegate.h */,
				4B41A4021B0658EC002BC586 /* AppDelegate.m */,
				4B41A4041B0658EC002BC586 /* ViewController.h */,
				4B41A4051B0658EC002BC586 /* ViewController.m */,
				4B41A4071B0658EC002BC586 /* Main.storyboard */,
				4B41A40A1B0658EC002BC586 /* Images.xcassets */,
				4B41A40C1B0658EC002BC586 /* LaunchScreen.xib */,
				4B41A3FD1B0658EC002BC586 /* Supporting Files */,
			);
			path = tilt;
			sourceTree = "<group>";
		};
		4B41A3FD1B0658EC002BC586 /* Supporting Files */ = {
			isa = PBXGroup;
			children = (
				4B41A3FE1B0658EC002BC586 /* Info.plist */,
				4B41A3FF1B0658EC002BC586 /* main.m */,
			);
			name = "Supporting Files";
			sourceTree = "<group>";
		};
		4B41A4161B0658EC002BC586 /* tiltTests */ = {
			isa = PBXGroup;
			children = (
				4B41A4191B0658EC002BC586 /* tiltTests.m */,
				4B41A4171B0658EC002BC586 /* Supporting Files */,
			);
			path = tiltTests;
			sourceTree = "<group>";
		};
		4B41A4171B0658EC002BC586 /* Supporting Files */ = {
			isa = PBXGroup;
			children = (
				4B41A4181B0658EC002BC586 /* Info.plist */,
			);
			name = "Supporting Files";
			sourceTree = "<group>";
		};
/* End PBXGroup section */

/* Begin PBXNativeTarget section */
		4B41A3F91B0658EC002BC586 /* tilt */ = {
			isa = PBXNativeTarget;
			buildConfigurationList = 4B41A41D1B0658EC002BC586 /* Build configuration list for PBXNativeTarget "tilt" */;
			buildPhases = (
				4B41A3F61B0658EC002BC586 /* Sources */,
				4B41A3F71B0658EC002BC586 /* Frameworks */,
				4B41A3F81B0658EC002BC586 /* Resources */,
			);
			buildRules = (
			);
			dependencies = (
			);
			name = tilt;
			productName = tilt;
			productReference = 4B41A3FA1B0658EC002BC586 /* tilt.app */;
			productType = "com.apple.product-type.application";
		};
		4B41A4121B0658EC002BC586 /* tiltTests */ = {
			isa = PBXNativeTarget;
			buildConfigurationList = 4B41A4201B0658EC002BC586 /* Build configuration list for PBXNativeTarget "tiltTests" */;
			buildPhases = (
				4B41A40F1B0658EC002BC586 /* Sources */,
				4B41A4101B0658EC002BC586 /* Frameworks */,
				4B41A4111B0658EC002BC586 /* Resources */,
			);
			buildRules = (
			);
			dependencies = (
				4B41A4151B0658EC002BC586 /* PBXTargetDependency */,
			);
			name = tiltTests;
			productName = tiltTests;
			productReference = 4B41A4131B0658EC002BC586 /* tiltTests.xctest */;
			productType = "com.apple.product-type.bundle.unit-test";
		};
/* End PBXNativeTarget section */

/* Begin PBXProject section */
		4B41A3F21B0658EC002BC586 /* Project object */ = {
			isa = PBXProject;
			attributes = {
				LastUpgradeCheck = 0610;
				ORGANIZATIONNAME = "Aleksandr Budnik";
				TargetAttributes = {
					4B41A3F91B0658EC002BC586 = {
						CreatedOnToolsVersion = 6.1.1;
					};
					4B41A4121B0658EC002BC586 = {
						CreatedOnToolsVersion = 6.1.1;
						TestTargetID = 4B41A3F91B0658EC002BC586;
					};
				};
			};
			buildConfigurationList = 4B41A3F51B0658EC002BC586 /* Build configuration list for PBXProject "tilt" */;
			compatibilityVersion = "Xcode 3.2";
			developmentRegion = English;
			hasScannedForEncodings = 0;
			knownRegions = (
				en,
				Base,
			);
			mainGroup = 4B41A3F11B0658EC002BC586;
			productRefGroup = 4B41A3FB1B0658EC002BC586 /* Products */;
			projectDirPath = "";
			projectRoot = "";
			targets = (
				4B41A3F91B0658EC002BC586 /* tilt */,
				4B41A4121B0658EC002BC586 /* tiltTests */,
			);
		};
/* End PBXProject section */

/* Begin PBXResourcesBuildPhase section */
		4B41A3F81B0658EC002BC586 /* Resources */ = {
			isa = PBXResourcesBuildPhase;
			buildActionMask = 2147483647;
			files = (
				4B41A4091B0658EC002BC586 /* Main.storyboard in Resources */,
				4B41A40E1B0658EC002BC586 /* LaunchScreen.xib in Resources */,
				4B41A40B1B0658EC002BC586 /* Images.xcassets in Resources */,
			);
			runOnlyForDeploymentPostprocessing = 0;
		};
		4B41A4111B0658EC002BC586 /* Resources */ = {
			isa = PBXResourcesBuildPhase;
			buildActionMask = 2147483647;
			files = (
			);
			runOnlyForDeploymentPostprocessing = 0;
		};
/* End PBXResourcesBuildPhase section */

/* Begin PBXSourcesBuildPhase section */
		4B41A3F61B0658EC002BC586 /* Sources */ = {
			isa = PBXSourcesBuildPhase;
			buildActionMask = 2147483647;
			files = (
				4B41A4061B0658EC002BC586 /* ViewController.m in Sources */,
				4B41A4031B0658EC002BC586 /* AppDelegate.m in Sources */,
				4B41A4001B0658EC002BC586 /* main.m in Sources */,
			);
			runOnlyForDeploymentPostprocessing = 0;
		};
		4B41A40F1B0658EC002BC586 /* Sources */ = {
			isa = PBXSourcesBuildPhase;
			buildActionMask = 2147483647;
			files = (
				4B41A41A1B0658EC002BC586 /* tiltTests.m in Sources */,
			);
			runOnlyForDeploymentPostprocessing = 0;
		};
/* End PBXSourcesBuildPhase section */

/* Begin PBXTargetDependency section */
		4B41A4151B0658EC002BC586 /* PBXTargetDependency */ = {
			isa = PBXTargetDependency;
			target = 4B41A3F91B0658EC002BC586 /* tilt */;
			targetProxy = 4B41A4141B0658EC002BC586 /* PBXContainerItemProxy */;
		};
/* End PBXTargetDependency section */

/* Begin PBXVariantGroup section */
		4B41A4071B0658EC002BC586 /* Main.storyboard */ = {
			isa = PBXVariantGroup;
			children = (
				4B41A4081B0658EC002BC586 /* Base */,
			);
			name = Main.storyboard;
			sourceTree = "<group>";
		};
		4B41A40C1B0658EC002BC586 /* LaunchScreen.xib */ = {
			isa = PBXVariantGroup;
			children = (
				4B41A40D1B0658EC002BC586 /* Base */,
			);
			name = LaunchScreen.xib;
			sourceTree = "<group>";
		};
/* End PBXVariantGroup section */

/* Begin XCBuildConfiguration section */
		4B41A41B1B0658EC002BC586 /* Debug */ = {
			isa = XCBuildConfiguration;
			buildSettings = {
				ALWAYS_SEARCH_USER_PATHS = NO;
				CLANG_CXX_LANGUAGE_STANDARD = "gnu++0x";
				CLANG_CXX_LIBRARY = "libc++";
				CLANG_ENABLE_MODULES = YES;
				CLANG_ENABLE_OBJC_ARC = YES;
				CLANG_WARN_BOOL_CONVERSION = YES;
				CLANG_WARN_CONSTANT_CONVERSION = YES;
				CLANG_WARN_DIRECT_OBJC_ISA_USAGE = YES_ERROR;
				CLANG_WARN_EMPTY_BODY = YES;
				CLANG_WARN_ENUM_CONVERSION = YES;
				CLANG_WARN_INT_CONVERSION = YES;
				CLANG_WARN_OBJC_ROOT_CLASS = YES_ERROR;
				CLANG_WARN_UNREACHABLE_CODE = YES;
				CLANG_WARN__DUPLICATE_METHOD_MATCH = YES;
				"CODE_SIGN_IDENTITY[sdk=iphoneos*]" = "iPhone Developer";
				COPY_PHASE_STRIP = NO;
				ENABLE_STRICT_OBJC_MSGSEND = YES;
				GCC_C_LANGUAGE_STANDARD = gnu99;
				GCC_DYNAMIC_NO_PIC = NO;
				GCC_OPTIMIZATION_LEVEL = 0;
				GCC_PREPROCESSOR_DEFINITIONS = (
					"DEBUG=1",
					"$(inherited)",
				);
				GCC_SYMBOLS_PRIVATE_EXTERN = NO;
				GCC_WARN_64_TO_32_BIT_CONVERSION = YES;
				GCC_WARN_ABOUT_RETURN_TYPE = YES_ERROR;
				GCC_WARN_UNDECLARED_SELECTOR = YES;
				GCC_WARN_UNINITIALIZED_AUTOS = YES_AGGRESSIVE;
				GCC_WARN_UNUSED_FUNCTION = YES;
				GCC_WARN_UNUSED_VARIABLE = YES;
				IPHONEOS_DEPLOYMENT_TARGET = 8.1;
				MTL_ENABLE_DEBUG_INFO = YES;
				ONLY_ACTIVE_ARCH = YES;
				SDKROOT = iphoneos;
			};
			name = Debug;
		};
		4B41A41C1B0658EC002BC586 /* Release */ = {
			isa = XCBuildConfiguration;
			buildSettings = {
				ALWAYS_SEARCH_USER_PATHS = NO;
				CLANG_CXX_LANGUAGE_STANDARD = "gnu++0x";
				CLANG_CXX_LIBRARY = "libc++";
				CLANG_ENABLE_MODULES = YES;
				CLANG_ENABLE_OBJC_ARC = YES;
				CLANG_WARN_BOOL_CONVERSION = YES;
				CLANG_WARN_CONSTANT_CONVERSION = YES;
				CLANG_WARN_DIRECT_OBJC_ISA_USAGE = YES_ERROR;
				CLANG_WARN_EMPTY_BODY = YES;
				CLANG_WARN_ENUM_CONVERSION = YES;
				CLANG_WARN_INT_CONVERSION = YES;
				CLANG_WARN_OBJC_ROOT_CLASS = YES_ERROR;
				CLANG_WARN_UNREACHABLE_CODE = YES;
				CLANG_WARN__DUPLICATE_METHOD_MATCH = YES;
				"CODE_SIGN_IDENTITY[sdk=iphoneos*]" = "iPhone Developer";
				COPY_PHASE_STRIP = YES;
				ENABLE_NS_ASSERTIONS = NO;
				ENABLE_STRICT_OBJC_MSGSEND = YES;
				GCC_C_LANGUAGE_STANDARD = gnu99;
				GCC_WARN_64_TO_32_BIT_CONVERSION = YES;
				GCC_WARN_ABOUT_RETURN_TYPE = YES_ERROR;
				GCC_WARN_UNDECLARED_SELECTOR = YES;
				GCC_WARN_UNINITIALIZED_AUTOS = YES_AGGRESSIVE;
				GCC_WARN_UNUSED_FUNCTION = YES;
				GCC_WARN_UNUSED_VARIABLE = YES;
				IPHONEOS_DEPLOYMENT_TARGET = 8.1;
				MTL_ENABLE_DEBUG_INFO = NO;
				SDKROOT = iphoneos;
				VALIDATE_PRODUCT = YES;
			};
			name = Release;
		};
		4B41A41E1B0658EC002BC586 /* Debug */ = {
			isa = XCBuildConfiguration;
			buildSettings = {
				ASSETCATALOG_COMPILER_APPICON_NAME = AppIcon;
				INFOPLIST_FILE = tilt/Info.plist;
				LD_RUNPATH_SEARCH_PATHS = "$(inherited) @executable_path/Frameworks";
				PRODUCT_NAME = "$(TARGET_NAME)";
			};
			name = Debug;
		};
		4B41A41F1B0658EC002BC586 /* Release */ = {
			isa = XCBuildConfiguration;
			buildSettings = {
				ASSETCATALOG_COMPILER_APPICON_NAME = AppIcon;
				INFOPLIST_FILE = tilt/Info.plist;
				LD_RUNPATH_SEARCH_PATHS = "$(inherited) @executable_path/Frameworks";
				PRODUCT_NAME = "$(TARGET_NAME)";
			};
			name = Release;
		};
		4B41A4211B0658EC002BC586 /* Debug */ = {
			isa = XCBuildConfiguration;
			buildSettings = {
				BUNDLE_LOADER = "$(TEST_HOST)";
				FRAMEWORK_SEARCH_PATHS = (
					"$(SDKROOT)/Developer/Library/Frameworks",
					"$(inherited)",
				);
				GCC_PREPROCESSOR_DEFINITIONS = (
					"DEBUG=1",
					"$(inherited)",
				);
				INFOPLIST_FILE = tiltTests/Info.plist;
				LD_RUNPATH_SEARCH_PATHS = "$(inherited) @executable_path/Frameworks @loader_path/Frameworks";
				PRODUCT_NAME = "$(TARGET_NAME)";
				TEST_HOST = "$(BUILT_PRODUCTS_DIR)/tilt.app/tilt";
			};
			name = Debug;
		};
		4B41A4221B0658EC002BC586 /* Release */ = {
			isa = XCBuildConfiguration;
			buildSettings = {
				BUNDLE_LOADER = "$(TEST_HOST)";
				FRAMEWORK_SEARCH_PATHS = (
					"$(SDKROOT)/Developer/Library/Frameworks",
					"$(inherited)",
				);
				INFOPLIST_FILE = tiltTests/Info.plist;
				LD_RUNPATH_SEARCH_PATHS = "$(inherited) @executable_path/Frameworks @loader_path/Frameworks";
				PRODUCT_NAME = "$(TARGET_NAME)";
				TEST_HOST = "$(BUILT_PRODUCTS_DIR)/tilt.app/tilt";
			};
			name = Release;
		};
/* End XCBuildConfiguration section */

/* Begin XCConfigurationList section */
		4B41A3F51B0658EC002BC586 /* Build configuration list for PBXProject "tilt" */ = {
			isa = XCConfigurationList;
			buildConfigurations = (
				4B41A41B1B0658EC002BC586 /* Debug */,
				4B41A41C1B0658EC002BC586 /* Release */,
			);
			defaultConfigurationIsVisible = 0;
			defaultConfigurationName = Release;
		};
		4B41A41D1B0658EC002BC586 /* Build configuration list for PBXNativeTarget "tilt" */ = {
			isa = XCConfigurationList;
			buildConfigurations = (
				4B41A41E1B0658EC002BC586 /* Debug */,
				4B41A41F1B0658EC002BC586 /* Release */,
			);
			defaultConfigurationIsVisible = 0;
		};
		4B41A4201B0658EC002BC586 /* Build configuration list for PBXNativeTarget "tiltTests" */ = {
			isa = XCConfigurationList;
			buildConfigurations = (
				4B41A4211B0658EC002BC586 /* Debug */,
				4B41A4221B0658EC002BC586 /* Release */,
			);
			defaultConfigurationIsVisible = 0;
		};
/* End XCConfigurationList section */
	};
	rootObject = 4B41A3F21B0658EC002BC586 /* Project object */;
}
